
Microsoft Visual Studio Solution File, Format Version 12.00
# Visual Studio 15
VisualStudioVersion = 15.0.28307.1062
MinimumVisualStudioVersion = 10.0.40219.1
Project("{FAE04EC0-301F-11D3-BF4B-00C04F79EFBC}") = "MyShope.Core", "MyShope.Core\MyShope.Core.csproj", "{AC56B715-C962-438C-BB18-EEAC27A85CEA}"
EndProject
Project("{FAE04EC0-301F-11D3-BF4B-00C04F79EFBC}") = "MyShope.Services", "MyShope.Services\MyShope.Services.csproj", "{65CA60DC-3DA6-4B84-8FDF-021F5AB8E73A}"
EndProject
Project("{FAE04EC0-301F-11D3-BF4B-00C04F79EFBC}") = "MyShope.DataAccess.SQL", "MyShope.DataAccess\MyShope.DataAccess.SQL.csproj", "{2B1C9824-F6C6-40E5-A7C1-999DB9A6A93F}"
EndProject
Project("{FAE04EC0-301F-11D3-BF4B-00C04F79EFBC}") = "MyShope.DataAccess.InMemory", "MyShope.DataAccess.InMemory\MyShope.DataAccess.InMemory.csproj", "{8DB2AC10-7FD6-413D-B834-6A959A5267D4}"
EndProject
Project("{FAE04EC0-301F-11D3-BF4B-00C04F79EFBC}") = "MyShope.WedUI", "MyShope.WedUI\MyShope.WedUI.csproj", "{DADE9396-9F88-43C1-989D-865EC8B664D2}"
EndProject
Project("{FAE04EC0-301F-11D3-BF4B-00C04F79EFBC}") = "MyShope.WedUI.Tests", "MyShope.WedUI.Tests\MyShope.WedUI.Tests.csproj", "{A1236F59-3FDA-423E-80DD-0637E2135320}"
EndProject
Global
	GlobalSection(SolutionConfigurationPlatforms) = preSolution
		Debug|Any CPU = Debug|Any CPU
		Release|Any CPU = Release|Any CPU
	EndGlobalSection
	GlobalSection(ProjectConfigurationPlatforms) = postSolution
		{AC56B715-C962-438C-BB18-EEAC27A85CEA}.Debug|Any CPU.ActiveCfg = Debug|Any CPU
		{AC56B715-C962-438C-BB18-EEAC27A85CEA}.Debug|Any CPU.Build.0 = Debug|Any CPU
		{AC56B715-C962-438C-BB18-EEAC27A85CEA}.Release|Any CPU.ActiveCfg = Release|Any CPU
		{AC56B715-C962-438C-BB18-EEAC27A85CEA}.Release|Any CPU.Build.0 = Release|Any CPU
		{65CA60DC-3DA6-4B84-8FDF-021F5AB8E73A}.Debug|Any CPU.ActiveCfg = Debug|Any CPU
		{65CA60DC-3DA6-4B84-8FDF-021F5AB8E73A}.Debug|Any CPU.Build.0 = Debug|Any CPU
		{65CA60DC-3DA6-4B84-8FDF-021F5AB8E73A}.Release|Any CPU.ActiveCfg = Release|Any CPU
		{65CA60DC-3DA6-4B84-8FDF-021F5AB8E73A}.Release|Any CPU.Build.0 = Release|Any CPU
		{2B1C9824-F6C6-40E5-A7C1-999DB9A6A93F}.Debug|Any CPU.ActiveCfg = Debug|Any CPU
		{2B1C9824-F6C6-40E5-A7C1-999DB9A6A93F}.Debug|Any CPU.Build.0 = Debug|Any CPU
		{2B1C9824-F6C6-40E5-A7C1-999DB9A6A93F}.Release|Any CPU.ActiveCfg = Release|Any CPU
		{2B1C9824-F6C6-40E5-A7C1-999DB9A6A93F}.Release|Any CPU.Build.0 = Release|Any CPU
		{8DB2AC10-7FD6-413D-B834-6A959A5267D4}.Debug|Any CPU.ActiveCfg = Debug|Any CPU
		{8DB2AC10-7FD6-413D-B834-6A959A5267D4}.Debug|Any CPU.Build.0 = Debug|Any CPU
		{8DB2AC10-7FD6-413D-B834-6A959A5267D4}.Release|Any CPU.ActiveCfg = Release|Any CPU
		{8DB2AC10-7FD6-413D-B834-6A959A5267D4}.Release|Any CPU.Build.0 = Release|Any CPU
		{DADE9396-9F88-43C1-989D-865EC8B664D2}.Debug|Any CPU.ActiveCfg = Debug|Any CPU
		{DADE9396-9F88-43C1-989D-865EC8B664D2}.Debug|Any CPU.Build.0 = Debug|Any CPU
		{DADE9396-9F88-43C1-989D-865EC8B664D2}.Release|Any CPU.ActiveCfg = Release|Any CPU
		{DADE9396-9F88-43C1-989D-865EC8B664D2}.Release|Any CPU.Build.0 = Release|Any CPU
		{A1236F59-3FDA-423E-80DD-0637E2135320}.Debug|Any CPU.ActiveCfg = Debug|Any CPU
		{A1236F59-3FDA-423E-80DD-0637E2135320}.Debug|Any CPU.Build.0 = Debug|Any CPU
		{A1236F59-3FDA-423E-80DD-0637E2135320}.Release|Any CPU.ActiveCfg = Release|Any CPU
		{A1236F59-3FDA-423E-80DD-0637E2135320}.Release|Any CPU.Build.0 = Release|Any CPU
	EndGlobalSection
	GlobalSection(SolutionProperties) = preSolution
		HideSolutionNode = FALSE
	EndGlobalSection
	GlobalSection(ExtensibilityGlobals) = postSolution
		SolutionGuid = {E7898B02-3437-48DE-A9BF-F0FEFDB2599A}
	EndGlobalSection
EndGlobal
